
Microsoft Visual Studio Solution File, Format Version 12.00
# Visual Studio 15
VisualStudioVersion = 15.0.26730.15
MinimumVisualStudioVersion = 10.0.40219.1
Project("{FAE04EC0-301F-11D3-BF4B-00C04F79EFBC}") = "TaskThreadComparison", "TaskThreadComparison\TaskThreadComparison.csproj", "{8E973A26-B82C-490D-99A1-F5A1C3998AD3}"
EndProject
Global
	GlobalSection(SolutionConfigurationPlatforms) = preSolution
		Debug|Any CPU = Debug|Any CPU
		Release|Any CPU = Release|Any CPU
	EndGlobalSection
	GlobalSection(ProjectConfigurationPlatforms) = postSolution
		{8E973A26-B82C-490D-99A1-F5A1C3998AD3}.Debug|Any CPU.ActiveCfg = Debug|Any CPU
		{8E973A26-B82C-490D-99A1-F5A1C3998AD3}.Debug|Any CPU.Build.0 = Debug|Any CPU
		{8E973A26-B82C-490D-99A1-F5A1C3998AD3}.Release|Any CPU.ActiveCfg = Release|Any CPU
		{8E973A26-B82C-490D-99A1-F5A1C3998AD3}.Release|Any CPU.Build.0 = Release|Any CPU
	EndGlobalSection
	GlobalSection(SolutionProperties) = preSolution
		HideSolutionNode = FALSE
	EndGlobalSection
	GlobalSection(ExtensibilityGlobals) = postSolution
		SolutionGuid = {CF155878-C203-432C-A2A8-35FE21D72FC9}
	EndGlobalSection
EndGlobal
